// !$*UTF8*$!
{
	archiveVersion = 1;
	classes = {
	};
	objectVersion = 56;
	objects = {

/* Begin PBXBuildFile section */
		895A20AD2AACA37700173626 /* SearchFilterCollectionViewCell.swift in Sources */ = {isa = PBXBuildFile; fileRef = 895A20AC2AACA37700173626 /* SearchFilterCollectionViewCell.swift */; };
		895A20AF2AACAD5A00173626 /* SearchFilterView.swift in Sources */ = {isa = PBXBuildFile; fileRef = 895A20AE2AACAD5A00173626 /* SearchFilterView.swift */; };
		895A20B12AAD62F300173626 /* NumberFormatter+.swift in Sources */ = {isa = PBXBuildFile; fileRef = 895A20B02AAD62F300173626 /* NumberFormatter+.swift */; };
		895A20B32AAD69D100173626 /* FavoriteShoppingUseCase.swift in Sources */ = {isa = PBXBuildFile; fileRef = 895A20B22AAD69D100173626 /* FavoriteShoppingUseCase.swift */; };
		895A20B72AAD6AD300173626 /* LocalShoppingRepository.swift in Sources */ = {isa = PBXBuildFile; fileRef = 895A20B62AAD6AD300173626 /* LocalShoppingRepository.swift */; };
		895A20BB2AAD6D4A00173626 /* RealmMapping.swift in Sources */ = {isa = PBXBuildFile; fileRef = 895A20BA2AAD6D4A00173626 /* RealmMapping.swift */; };
		895A20BD2AAD6DA700173626 /* RealmStorage.swift in Sources */ = {isa = PBXBuildFile; fileRef = 895A20BC2AAD6DA700173626 /* RealmStorage.swift */; };
		895A20C02AAD6E5B00173626 /* Realm in Frameworks */ = {isa = PBXBuildFile; productRef = 895A20BF2AAD6E5B00173626 /* Realm */; };
		895A20C22AAD6E5B00173626 /* RealmSwift in Frameworks */ = {isa = PBXBuildFile; productRef = 895A20C12AAD6E5B00173626 /* RealmSwift */; };
		895A20C52AAD72B900173626 /* GoodsStorage.swift in Sources */ = {isa = PBXBuildFile; fileRef = 895A20C42AAD72B800173626 /* GoodsStorage.swift */; };
		895A20C82AAD731500173626 /* RealmGoodsStorage.swift in Sources */ = {isa = PBXBuildFile; fileRef = 895A20C72AAD731400173626 /* RealmGoodsStorage.swift */; };
		895A20CB2AAD73B100173626 /* Goods+Mapping.swift in Sources */ = {isa = PBXBuildFile; fileRef = 895A20CA2AAD73B100173626 /* Goods+Mapping.swift */; };
		895A20CD2AAD7A0000173626 /* DefaultLocalShoppingRepository.swift in Sources */ = {isa = PBXBuildFile; fileRef = 895A20CC2AAD7A0000173626 /* DefaultLocalShoppingRepository.swift */; };
		895A20D02AADA5B400173626 /* FavoriteViewModel.swift in Sources */ = {isa = PBXBuildFile; fileRef = 895A20CF2AADA5B400173626 /* FavoriteViewModel.swift */; };
		895A20D32AADC28E00173626 /* GoodsDetailViewController.swift in Sources */ = {isa = PBXBuildFile; fileRef = 895A20D22AADC28E00173626 /* GoodsDetailViewController.swift */; };
		895A20D52AADD4CC00173626 /* GoodsDetailViewModel.swift in Sources */ = {isa = PBXBuildFile; fileRef = 895A20D42AADD4CC00173626 /* GoodsDetailViewModel.swift */; };
		895A20D72AAE35A900173626 /* UIViewController+.swift in Sources */ = {isa = PBXBuildFile; fileRef = 895A20D62AAE35A800173626 /* UIViewController+.swift */; };
		896E4A812AA99C5600D8A1E9 /* AppDelegate.swift in Sources */ = {isa = PBXBuildFile; fileRef = 896E4A802AA99C5600D8A1E9 /* AppDelegate.swift */; };
		896E4A832AA99C5600D8A1E9 /* SceneDelegate.swift in Sources */ = {isa = PBXBuildFile; fileRef = 896E4A822AA99C5600D8A1E9 /* SceneDelegate.swift */; };
		896E4A852AA99C5600D8A1E9 /* SearchViewController.swift in Sources */ = {isa = PBXBuildFile; fileRef = 896E4A842AA99C5600D8A1E9 /* SearchViewController.swift */; };
		896E4A8A2AA99C5A00D8A1E9 /* Assets.xcassets in Resources */ = {isa = PBXBuildFile; fileRef = 896E4A892AA99C5A00D8A1E9 /* Assets.xcassets */; };
		896E4A8D2AA99C5A00D8A1E9 /* LaunchScreen.storyboard in Resources */ = {isa = PBXBuildFile; fileRef = 896E4A8B2AA99C5A00D8A1E9 /* LaunchScreen.storyboard */; };
		896E4A962AA9AE3A00D8A1E9 /* .swiftlint.yml in Resources */ = {isa = PBXBuildFile; fileRef = 896E4A952AA9AE3A00D8A1E9 /* .swiftlint.yml */; };
		896E4A9A2AA9B41200D8A1E9 /* Kingfisher in Frameworks */ = {isa = PBXBuildFile; productRef = 896E4A992AA9B41200D8A1E9 /* Kingfisher */; };
		896E4A9D2AA9B41E00D8A1E9 /* SnapKit in Frameworks */ = {isa = PBXBuildFile; productRef = 896E4A9C2AA9B41E00D8A1E9 /* SnapKit */; };
		896E4AA32AA9B65C00D8A1E9 /* BaseViewController.swift in Sources */ = {isa = PBXBuildFile; fileRef = 896E4AA22AA9B65C00D8A1E9 /* BaseViewController.swift */; };
		896E4AA52AA9B6DC00D8A1E9 /* ReusableProtocol.swift in Sources */ = {isa = PBXBuildFile; fileRef = 896E4AA42AA9B6DC00D8A1E9 /* ReusableProtocol.swift */; };
		896E4AA92AA9B7F900D8A1E9 /* BaseCollectionViewCell.swift in Sources */ = {isa = PBXBuildFile; fileRef = 896E4AA82AA9B7F900D8A1E9 /* BaseCollectionViewCell.swift */; };
		896E4AAB2AA9BA7B00D8A1E9 /* TabBarController.swift in Sources */ = {isa = PBXBuildFile; fileRef = 896E4AAA2AA9BA7B00D8A1E9 /* TabBarController.swift */; };
		896E4AB02AA9BC8B00D8A1E9 /* Constants.swift in Sources */ = {isa = PBXBuildFile; fileRef = 896E4AAF2AA9BC8B00D8A1E9 /* Constants.swift */; };
		896E4AB72AA9C26900D8A1E9 /* FavoriteViewController.swift in Sources */ = {isa = PBXBuildFile; fileRef = 896E4AB62AA9C26900D8A1E9 /* FavoriteViewController.swift */; };
		896E4ABA2AA9C97200D8A1E9 /* UIColor+.swift in Sources */ = {isa = PBXBuildFile; fileRef = 896E4AB92AA9C97200D8A1E9 /* UIColor+.swift */; };
		896E4ABC2AA9D8E600D8A1E9 /* SearchCollectionViewCell.swift in Sources */ = {isa = PBXBuildFile; fileRef = 896E4ABB2AA9D8E600D8A1E9 /* SearchCollectionViewCell.swift */; };
		896E4AC12AA9FA6500D8A1E9 /* URLSession+.swift in Sources */ = {isa = PBXBuildFile; fileRef = 896E4AC02AA9FA6500D8A1E9 /* URLSession+.swift */; };
		896E4AC32AA9FACA00D8A1E9 /* URLRequest+.swift in Sources */ = {isa = PBXBuildFile; fileRef = 896E4AC22AA9FACA00D8A1E9 /* URLRequest+.swift */; };
		896E4AC52AA9FB2000D8A1E9 /* APIError.swift in Sources */ = {isa = PBXBuildFile; fileRef = 896E4AC42AA9FB2000D8A1E9 /* APIError.swift */; };
		896E4AD02AAADE8C00D8A1E9 /* .gitignore in Resources */ = {isa = PBXBuildFile; fileRef = 896E4ACF2AAADE8C00D8A1E9 /* .gitignore */; };
		896E4AD42AAAE12500D8A1E9 /* APIKey.swift in Sources */ = {isa = PBXBuildFile; fileRef = 896E4AD32AAAE12500D8A1E9 /* APIKey.swift */; };
		896E4AD62AAAE1AD00D8A1E9 /* APIEndPoint.swift in Sources */ = {isa = PBXBuildFile; fileRef = 896E4AD52AAAE1AD00D8A1E9 /* APIEndPoint.swift */; };
		896E4AD82AAAEB9900D8A1E9 /* NetworkManager.swift in Sources */ = {isa = PBXBuildFile; fileRef = 896E4AD72AAAEB9900D8A1E9 /* NetworkManager.swift */; };
		896E4ADA2AAAEBC200D8A1E9 /* APIHeader.swift in Sources */ = {isa = PBXBuildFile; fileRef = 896E4AD92AAAEBC200D8A1E9 /* APIHeader.swift */; };
		896E4ADF2AAAF73700D8A1E9 /* Goods.swift in Sources */ = {isa = PBXBuildFile; fileRef = 896E4ADE2AAAF73700D8A1E9 /* Goods.swift */; };
		896E4AE32AAAF95400D8A1E9 /* FetchShoppingUseCase.swift in Sources */ = {isa = PBXBuildFile; fileRef = 896E4AE22AAAF95400D8A1E9 /* FetchShoppingUseCase.swift */; };
		896E4AE82AAAFC6000D8A1E9 /* ShoppingRepository.swift in Sources */ = {isa = PBXBuildFile; fileRef = 896E4AE72AAAFC6000D8A1E9 /* ShoppingRepository.swift */; };
		896E4AEC2AAAFD2200D8A1E9 /* DefaultShoppingRepository.swift in Sources */ = {isa = PBXBuildFile; fileRef = 896E4AEB2AAAFD2200D8A1E9 /* DefaultShoppingRepository.swift */; };
		896E4AF12AAB00B200D8A1E9 /* NaverSearchResultDTO+Mapping.swift in Sources */ = {isa = PBXBuildFile; fileRef = 896E4AF02AAB00B200D8A1E9 /* NaverSearchResultDTO+Mapping.swift */; };
		896E4AF32AAB00F300D8A1E9 /* DTOMapping.swift in Sources */ = {isa = PBXBuildFile; fileRef = 896E4AF22AAB00F300D8A1E9 /* DTOMapping.swift */; };
		896E4AF52AAB037600D8A1E9 /* GoodsDTO+Mapping.swift in Sources */ = {isa = PBXBuildFile; fileRef = 896E4AF42AAB037600D8A1E9 /* GoodsDTO+Mapping.swift */; };
		896E4AF72AAB03DF00D8A1E9 /* NaverSearchResult.swift in Sources */ = {isa = PBXBuildFile; fileRef = 896E4AF62AAB03DF00D8A1E9 /* NaverSearchResult.swift */; };
		896E4AFA2AAB20DD00D8A1E9 /* RxCocoa in Frameworks */ = {isa = PBXBuildFile; productRef = 896E4AF92AAB20DD00D8A1E9 /* RxCocoa */; };
		896E4AFC2AAB20DD00D8A1E9 /* RxRelay in Frameworks */ = {isa = PBXBuildFile; productRef = 896E4AFB2AAB20DD00D8A1E9 /* RxRelay */; };
		896E4AFE2AAB20DD00D8A1E9 /* RxSwift in Frameworks */ = {isa = PBXBuildFile; productRef = 896E4AFD2AAB20DD00D8A1E9 /* RxSwift */; };
		896E4B022AAB213B00D8A1E9 /* SearchViewModel.swift in Sources */ = {isa = PBXBuildFile; fileRef = 896E4B012AAB213B00D8A1E9 /* SearchViewModel.swift */; };
		896E4B052AAB25AE00D8A1E9 /* AppDIContainer.swift in Sources */ = {isa = PBXBuildFile; fileRef = 896E4B042AAB25AE00D8A1E9 /* AppDIContainer.swift */; };
		896E4B072AAB25C500D8A1E9 /* DIContainer.swift in Sources */ = {isa = PBXBuildFile; fileRef = 896E4B062AAB25C500D8A1E9 /* DIContainer.swift */; };
/* End PBXBuildFile section */

/* Begin PBXFileReference section */
		895A20AC2AACA37700173626 /* SearchFilterCollectionViewCell.swift */ = {isa = PBXFileReference; lastKnownFileType = sourcecode.swift; path = SearchFilterCollectionViewCell.swift; sourceTree = "<group>"; };
		895A20AE2AACAD5A00173626 /* SearchFilterView.swift */ = {isa = PBXFileReference; lastKnownFileType = sourcecode.swift; path = SearchFilterView.swift; sourceTree = "<group>"; };
		895A20B02AAD62F300173626 /* NumberFormatter+.swift */ = {isa = PBXFileReference; lastKnownFileType = sourcecode.swift; path = "NumberFormatter+.swift"; sourceTree = "<group>"; };
		895A20B22AAD69D100173626 /* FavoriteShoppingUseCase.swift */ = {isa = PBXFileReference; lastKnownFileType = sourcecode.swift; path = FavoriteShoppingUseCase.swift; sourceTree = "<group>"; };
		895A20B62AAD6AD300173626 /* LocalShoppingRepository.swift */ = {isa = PBXFileReference; lastKnownFileType = sourcecode.swift; path = LocalShoppingRepository.swift; sourceTree = "<group>"; };
		895A20BA2AAD6D4A00173626 /* RealmMapping.swift */ = {isa = PBXFileReference; lastKnownFileType = sourcecode.swift; path = RealmMapping.swift; sourceTree = "<group>"; };
		895A20BC2AAD6DA700173626 /* RealmStorage.swift */ = {isa = PBXFileReference; lastKnownFileType = sourcecode.swift; path = RealmStorage.swift; sourceTree = "<group>"; };
		895A20C42AAD72B800173626 /* GoodsStorage.swift */ = {isa = PBXFileReference; lastKnownFileType = sourcecode.swift; path = GoodsStorage.swift; sourceTree = "<group>"; };
		895A20C72AAD731400173626 /* RealmGoodsStorage.swift */ = {isa = PBXFileReference; lastKnownFileType = sourcecode.swift; path = RealmGoodsStorage.swift; sourceTree = "<group>"; };
		895A20CA2AAD73B100173626 /* Goods+Mapping.swift */ = {isa = PBXFileReference; lastKnownFileType = sourcecode.swift; path = "Goods+Mapping.swift"; sourceTree = "<group>"; };
		895A20CC2AAD7A0000173626 /* DefaultLocalShoppingRepository.swift */ = {isa = PBXFileReference; lastKnownFileType = sourcecode.swift; path = DefaultLocalShoppingRepository.swift; sourceTree = "<group>"; };
		895A20CF2AADA5B400173626 /* FavoriteViewModel.swift */ = {isa = PBXFileReference; lastKnownFileType = sourcecode.swift; path = FavoriteViewModel.swift; sourceTree = "<group>"; };
		895A20D22AADC28E00173626 /* GoodsDetailViewController.swift */ = {isa = PBXFileReference; lastKnownFileType = sourcecode.swift; path = GoodsDetailViewController.swift; sourceTree = "<group>"; };
		895A20D42AADD4CC00173626 /* GoodsDetailViewModel.swift */ = {isa = PBXFileReference; lastKnownFileType = sourcecode.swift; path = GoodsDetailViewModel.swift; sourceTree = "<group>"; };
		895A20D62AAE35A800173626 /* UIViewController+.swift */ = {isa = PBXFileReference; lastKnownFileType = sourcecode.swift; path = "UIViewController+.swift"; sourceTree = "<group>"; };
		896E4A7D2AA99C5600D8A1E9 /* SeSACMarket.app */ = {isa = PBXFileReference; explicitFileType = wrapper.application; includeInIndex = 0; path = SeSACMarket.app; sourceTree = BUILT_PRODUCTS_DIR; };
		896E4A802AA99C5600D8A1E9 /* AppDelegate.swift */ = {isa = PBXFileReference; lastKnownFileType = sourcecode.swift; path = AppDelegate.swift; sourceTree = "<group>"; };
		896E4A822AA99C5600D8A1E9 /* SceneDelegate.swift */ = {isa = PBXFileReference; lastKnownFileType = sourcecode.swift; path = SceneDelegate.swift; sourceTree = "<group>"; };
		896E4A842AA99C5600D8A1E9 /* SearchViewController.swift */ = {isa = PBXFileReference; lastKnownFileType = sourcecode.swift; path = SearchViewController.swift; sourceTree = "<group>"; };
		896E4A892AA99C5A00D8A1E9 /* Assets.xcassets */ = {isa = PBXFileReference; lastKnownFileType = folder.assetcatalog; path = Assets.xcassets; sourceTree = "<group>"; };
		896E4A8C2AA99C5A00D8A1E9 /* Base */ = {isa = PBXFileReference; lastKnownFileType = file.storyboard; name = Base; path = Base.lproj/LaunchScreen.storyboard; sourceTree = "<group>"; };
		896E4A8E2AA99C5A00D8A1E9 /* Info.plist */ = {isa = PBXFileReference; lastKnownFileType = text.plist.xml; path = Info.plist; sourceTree = "<group>"; };
		896E4A952AA9AE3A00D8A1E9 /* .swiftlint.yml */ = {isa = PBXFileReference; lastKnownFileType = text.yaml; path = .swiftlint.yml; sourceTree = "<group>"; };
		896E4AA22AA9B65C00D8A1E9 /* BaseViewController.swift */ = {isa = PBXFileReference; lastKnownFileType = sourcecode.swift; path = BaseViewController.swift; sourceTree = "<group>"; };
		896E4AA42AA9B6DC00D8A1E9 /* ReusableProtocol.swift */ = {isa = PBXFileReference; lastKnownFileType = sourcecode.swift; path = ReusableProtocol.swift; sourceTree = "<group>"; };
		896E4AA82AA9B7F900D8A1E9 /* BaseCollectionViewCell.swift */ = {isa = PBXFileReference; lastKnownFileType = sourcecode.swift; path = BaseCollectionViewCell.swift; sourceTree = "<group>"; };
		896E4AAA2AA9BA7B00D8A1E9 /* TabBarController.swift */ = {isa = PBXFileReference; lastKnownFileType = sourcecode.swift; path = TabBarController.swift; sourceTree = "<group>"; };
		896E4AAF2AA9BC8B00D8A1E9 /* Constants.swift */ = {isa = PBXFileReference; lastKnownFileType = sourcecode.swift; path = Constants.swift; sourceTree = "<group>"; };
		896E4AB62AA9C26900D8A1E9 /* FavoriteViewController.swift */ = {isa = PBXFileReference; lastKnownFileType = sourcecode.swift; path = FavoriteViewController.swift; sourceTree = "<group>"; };
		896E4AB92AA9C97200D8A1E9 /* UIColor+.swift */ = {isa = PBXFileReference; lastKnownFileType = sourcecode.swift; path = "UIColor+.swift"; sourceTree = "<group>"; };
		896E4ABB2AA9D8E600D8A1E9 /* SearchCollectionViewCell.swift */ = {isa = PBXFileReference; lastKnownFileType = sourcecode.swift; path = SearchCollectionViewCell.swift; sourceTree = "<group>"; };
		896E4AC02AA9FA6500D8A1E9 /* URLSession+.swift */ = {isa = PBXFileReference; lastKnownFileType = sourcecode.swift; path = "URLSession+.swift"; sourceTree = "<group>"; };
		896E4AC22AA9FACA00D8A1E9 /* URLRequest+.swift */ = {isa = PBXFileReference; lastKnownFileType = sourcecode.swift; path = "URLRequest+.swift"; sourceTree = "<group>"; };
		896E4AC42AA9FB2000D8A1E9 /* APIError.swift */ = {isa = PBXFileReference; lastKnownFileType = sourcecode.swift; path = APIError.swift; sourceTree = "<group>"; };
		896E4ACF2AAADE8C00D8A1E9 /* .gitignore */ = {isa = PBXFileReference; lastKnownFileType = text; path = .gitignore; sourceTree = "<group>"; };
		896E4AD32AAAE12500D8A1E9 /* APIKey.swift */ = {isa = PBXFileReference; lastKnownFileType = sourcecode.swift; path = APIKey.swift; sourceTree = "<group>"; };
		896E4AD52AAAE1AD00D8A1E9 /* APIEndPoint.swift */ = {isa = PBXFileReference; lastKnownFileType = sourcecode.swift; path = APIEndPoint.swift; sourceTree = "<group>"; };
		896E4AD72AAAEB9900D8A1E9 /* NetworkManager.swift */ = {isa = PBXFileReference; lastKnownFileType = sourcecode.swift; path = NetworkManager.swift; sourceTree = "<group>"; };
		896E4AD92AAAEBC200D8A1E9 /* APIHeader.swift */ = {isa = PBXFileReference; lastKnownFileType = sourcecode.swift; path = APIHeader.swift; sourceTree = "<group>"; };
		896E4ADE2AAAF73700D8A1E9 /* Goods.swift */ = {isa = PBXFileReference; lastKnownFileType = sourcecode.swift; path = Goods.swift; sourceTree = "<group>"; };
		896E4AE22AAAF95400D8A1E9 /* FetchShoppingUseCase.swift */ = {isa = PBXFileReference; lastKnownFileType = sourcecode.swift; path = FetchShoppingUseCase.swift; sourceTree = "<group>"; };
		896E4AE72AAAFC6000D8A1E9 /* ShoppingRepository.swift */ = {isa = PBXFileReference; lastKnownFileType = sourcecode.swift; path = ShoppingRepository.swift; sourceTree = "<group>"; };
		896E4AEB2AAAFD2200D8A1E9 /* DefaultShoppingRepository.swift */ = {isa = PBXFileReference; lastKnownFileType = sourcecode.swift; path = DefaultShoppingRepository.swift; sourceTree = "<group>"; };
		896E4AF02AAB00B200D8A1E9 /* NaverSearchResultDTO+Mapping.swift */ = {isa = PBXFileReference; lastKnownFileType = sourcecode.swift; path = "NaverSearchResultDTO+Mapping.swift"; sourceTree = "<group>"; };
		896E4AF22AAB00F300D8A1E9 /* DTOMapping.swift */ = {isa = PBXFileReference; lastKnownFileType = sourcecode.swift; path = DTOMapping.swift; sourceTree = "<group>"; };
		896E4AF42AAB037600D8A1E9 /* GoodsDTO+Mapping.swift */ = {isa = PBXFileReference; lastKnownFileType = sourcecode.swift; path = "GoodsDTO+Mapping.swift"; sourceTree = "<group>"; };
		896E4AF62AAB03DF00D8A1E9 /* NaverSearchResult.swift */ = {isa = PBXFileReference; lastKnownFileType = sourcecode.swift; path = NaverSearchResult.swift; sourceTree = "<group>"; };
		896E4B012AAB213B00D8A1E9 /* SearchViewModel.swift */ = {isa = PBXFileReference; lastKnownFileType = sourcecode.swift; path = SearchViewModel.swift; sourceTree = "<group>"; };
		896E4B042AAB25AE00D8A1E9 /* AppDIContainer.swift */ = {isa = PBXFileReference; lastKnownFileType = sourcecode.swift; path = AppDIContainer.swift; sourceTree = "<group>"; };
		896E4B062AAB25C500D8A1E9 /* DIContainer.swift */ = {isa = PBXFileReference; lastKnownFileType = sourcecode.swift; path = DIContainer.swift; sourceTree = "<group>"; };
/* End PBXFileReference section */

/* Begin PBXFrameworksBuildPhase section */
		896E4A7A2AA99C5600D8A1E9 /* Frameworks */ = {
			isa = PBXFrameworksBuildPhase;
			buildActionMask = 2147483647;
			files = (
				895A20C02AAD6E5B00173626 /* Realm in Frameworks */,
				896E4AFA2AAB20DD00D8A1E9 /* RxCocoa in Frameworks */,
				895A20C22AAD6E5B00173626 /* RealmSwift in Frameworks */,
				896E4A9A2AA9B41200D8A1E9 /* Kingfisher in Frameworks */,
				896E4AFE2AAB20DD00D8A1E9 /* RxSwift in Frameworks */,
				896E4AFC2AAB20DD00D8A1E9 /* RxRelay in Frameworks */,
				896E4A9D2AA9B41E00D8A1E9 /* SnapKit in Frameworks */,
			);
			runOnlyForDeploymentPostprocessing = 0;
		};
/* End PBXFrameworksBuildPhase section */

/* Begin PBXGroup section */
		895A20B82AAD6C5E00173626 /* PersistentStorage */ = {
			isa = PBXGroup;
			children = (
				895A20B92AAD6D2F00173626 /* RealmStorage */,
				895A20C32AAD726700173626 /* GoodsStorage */,
			);
			path = PersistentStorage;
			sourceTree = "<group>";
		};
		895A20B92AAD6D2F00173626 /* RealmStorage */ = {
			isa = PBXGroup;
			children = (
				895A20BC2AAD6DA700173626 /* RealmStorage.swift */,
				895A20BA2AAD6D4A00173626 /* RealmMapping.swift */,
			);
			path = RealmStorage;
			sourceTree = "<group>";
		};
		895A20C32AAD726700173626 /* GoodsStorage */ = {
			isa = PBXGroup;
			children = (
				895A20C42AAD72B800173626 /* GoodsStorage.swift */,
				895A20C62AAD72FB00173626 /* RealmStorage */,
			);
			path = GoodsStorage;
			sourceTree = "<group>";
		};
		895A20C62AAD72FB00173626 /* RealmStorage */ = {
			isa = PBXGroup;
			children = (
				895A20C72AAD731400173626 /* RealmGoodsStorage.swift */,
				895A20C92AAD739A00173626 /* EntityMapping */,
			);
			path = RealmStorage;
			sourceTree = "<group>";
		};
		895A20C92AAD739A00173626 /* EntityMapping */ = {
			isa = PBXGroup;
			children = (
				895A20CA2AAD73B100173626 /* Goods+Mapping.swift */,
			);
			path = EntityMapping;
			sourceTree = "<group>";
		};
		895A20CE2AADA5A800173626 /* ViewModel */ = {
			isa = PBXGroup;
			children = (
				895A20CF2AADA5B400173626 /* FavoriteViewModel.swift */,
			);
			path = ViewModel;
			sourceTree = "<group>";
		};
		895A20D12AADC27300173626 /* Detail */ = {
			isa = PBXGroup;
			children = (
				895A20D22AADC28E00173626 /* GoodsDetailViewController.swift */,
				895A20D42AADD4CC00173626 /* GoodsDetailViewModel.swift */,
			);
			path = Detail;
			sourceTree = "<group>";
		};
		896E4A742AA99C5600D8A1E9 = {
			isa = PBXGroup;
			children = (
				896E4A952AA9AE3A00D8A1E9 /* .swiftlint.yml */,
				896E4ACF2AAADE8C00D8A1E9 /* .gitignore */,
				896E4A7F2AA99C5600D8A1E9 /* SeSACMarket */,
				896E4A7E2AA99C5600D8A1E9 /* Products */,
			);
			sourceTree = "<group>";
		};
		896E4A7E2AA99C5600D8A1E9 /* Products */ = {
			isa = PBXGroup;
			children = (
				896E4A7D2AA99C5600D8A1E9 /* SeSACMarket.app */,
			);
			name = Products;
			sourceTree = "<group>";
		};
		896E4A7F2AA99C5600D8A1E9 /* SeSACMarket */ = {
			isa = PBXGroup;
			children = (
				896E4A972AA9B08B00D8A1E9 /* Application */,
				896E4ADD2AAAF71300D8A1E9 /* Domain */,
				896E4A9E2AA9B63700D8A1E9 /* Presentation */,
				896E4AE62AAAFB6200D8A1E9 /* Data */,
				896E4ABD2AA9F9ED00D8A1E9 /* InfraStructure */,
				896E4AAD2AA9BBF300D8A1E9 /* Common */,
				896E4A892AA99C5A00D8A1E9 /* Assets.xcassets */,
				896E4A8B2AA99C5A00D8A1E9 /* LaunchScreen.storyboard */,
				896E4A8E2AA99C5A00D8A1E9 /* Info.plist */,
			);
			path = SeSACMarket;
			sourceTree = "<group>";
		};
		896E4A972AA9B08B00D8A1E9 /* Application */ = {
			isa = PBXGroup;
			children = (
				896E4A802AA99C5600D8A1E9 /* AppDelegate.swift */,
				896E4A822AA99C5600D8A1E9 /* SceneDelegate.swift */,
				896E4B032AAB259600D8A1E9 /* DIContainer */,
			);
			path = Application;
			sourceTree = "<group>";
		};
		896E4A9E2AA9B63700D8A1E9 /* Presentation */ = {
			isa = PBXGroup;
			children = (
				896E4A9F2AA9B64200D8A1E9 /* Base */,
				896E4AAC2AA9BBDE00D8A1E9 /* TabBar */,
				896E4AB42AA9C20600D8A1E9 /* Search */,
				896E4AB52AA9C21300D8A1E9 /* Favorite */,
				895A20D12AADC27300173626 /* Detail */,
			);
			path = Presentation;
			sourceTree = "<group>";
		};
		896E4A9F2AA9B64200D8A1E9 /* Base */ = {
			isa = PBXGroup;
			children = (
				896E4AA42AA9B6DC00D8A1E9 /* ReusableProtocol.swift */,
				896E4AA22AA9B65C00D8A1E9 /* BaseViewController.swift */,
				896E4AA82AA9B7F900D8A1E9 /* BaseCollectionViewCell.swift */,
			);
			path = Base;
			sourceTree = "<group>";
		};
		896E4AAC2AA9BBDE00D8A1E9 /* TabBar */ = {
			isa = PBXGroup;
			children = (
				896E4AAA2AA9BA7B00D8A1E9 /* TabBarController.swift */,
			);
			path = TabBar;
			sourceTree = "<group>";
		};
		896E4AAD2AA9BBF300D8A1E9 /* Common */ = {
			isa = PBXGroup;
			children = (
				896E4AB12AA9BCAA00D8A1E9 /* Constants */,
				896E4AB82AA9C95D00D8A1E9 /* Extension */,
			);
			path = Common;
			sourceTree = "<group>";
		};
		896E4AB12AA9BCAA00D8A1E9 /* Constants */ = {
			isa = PBXGroup;
			children = (
				896E4AAF2AA9BC8B00D8A1E9 /* Constants.swift */,
			);
			path = Constants;
			sourceTree = "<group>";
		};
		896E4AB42AA9C20600D8A1E9 /* Search */ = {
			isa = PBXGroup;
			children = (
				896E4AFF2AAB212800D8A1E9 /* View */,
				896E4B002AAB212E00D8A1E9 /* ViewModel */,
			);
			path = Search;
			sourceTree = "<group>";
		};
		896E4AB52AA9C21300D8A1E9 /* Favorite */ = {
			isa = PBXGroup;
			children = (
				896E4AB62AA9C26900D8A1E9 /* FavoriteViewController.swift */,
				895A20CE2AADA5A800173626 /* ViewModel */,
			);
			path = Favorite;
			sourceTree = "<group>";
		};
		896E4AB82AA9C95D00D8A1E9 /* Extension */ = {
			isa = PBXGroup;
			children = (
				896E4AB92AA9C97200D8A1E9 /* UIColor+.swift */,
				896E4AC02AA9FA6500D8A1E9 /* URLSession+.swift */,
				896E4AC22AA9FACA00D8A1E9 /* URLRequest+.swift */,
				895A20B02AAD62F300173626 /* NumberFormatter+.swift */,
				895A20D62AAE35A800173626 /* UIViewController+.swift */,
			);
			path = Extension;
			sourceTree = "<group>";
		};
		896E4ABD2AA9F9ED00D8A1E9 /* InfraStructure */ = {
			isa = PBXGroup;
			children = (
				896E4ABF2AA9FA1000D8A1E9 /* Network */,
			);
			path = InfraStructure;
			sourceTree = "<group>";
		};
		896E4ABF2AA9FA1000D8A1E9 /* Network */ = {
			isa = PBXGroup;
			children = (
				896E4AD72AAAEB9900D8A1E9 /* NetworkManager.swift */,
				896E4AC42AA9FB2000D8A1E9 /* APIError.swift */,
				896E4AD92AAAEBC200D8A1E9 /* APIHeader.swift */,
				896E4AD32AAAE12500D8A1E9 /* APIKey.swift */,
				896E4AD52AAAE1AD00D8A1E9 /* APIEndPoint.swift */,
			);
			path = Network;
			sourceTree = "<group>";
		};
		896E4ADD2AAAF71300D8A1E9 /* Domain */ = {
			isa = PBXGroup;
			children = (
				896E4AE02AAAF91D00D8A1E9 /* Entities */,
				896E4AE12AAAF93E00D8A1E9 /* UseCase */,
				896E4AE52AAAFB1300D8A1E9 /* Interfaces */,
			);
			path = Domain;
			sourceTree = "<group>";
		};
		896E4AE02AAAF91D00D8A1E9 /* Entities */ = {
			isa = PBXGroup;
			children = (
				896E4AF62AAB03DF00D8A1E9 /* NaverSearchResult.swift */,
				896E4ADE2AAAF73700D8A1E9 /* Goods.swift */,
			);
			path = Entities;
			sourceTree = "<group>";
		};
		896E4AE12AAAF93E00D8A1E9 /* UseCase */ = {
			isa = PBXGroup;
			children = (
				896E4AE22AAAF95400D8A1E9 /* FetchShoppingUseCase.swift */,
				895A20B22AAD69D100173626 /* FavoriteShoppingUseCase.swift */,
			);
			path = UseCase;
			sourceTree = "<group>";
		};
		896E4AE42AAAFAFC00D8A1E9 /* Repositories */ = {
			isa = PBXGroup;
			children = (
				896E4AE72AAAFC6000D8A1E9 /* ShoppingRepository.swift */,
				895A20B62AAD6AD300173626 /* LocalShoppingRepository.swift */,
			);
			path = Repositories;
			sourceTree = "<group>";
		};
		896E4AE52AAAFB1300D8A1E9 /* Interfaces */ = {
			isa = PBXGroup;
			children = (
				896E4AE42AAAFAFC00D8A1E9 /* Repositories */,
			);
			path = Interfaces;
			sourceTree = "<group>";
		};
		896E4AE62AAAFB6200D8A1E9 /* Data */ = {
			isa = PBXGroup;
			children = (
				896E4AEA2AAAFD0D00D8A1E9 /* Repositories */,
				896E4AE92AAAFCEE00D8A1E9 /* Network */,
				895A20B82AAD6C5E00173626 /* PersistentStorage */,
			);
			path = Data;
			sourceTree = "<group>";
		};
		896E4AE92AAAFCEE00D8A1E9 /* Network */ = {
			isa = PBXGroup;
			children = (
				896E4AEE2AAB001900D8A1E9 /* DataMapping */,
			);
			path = Network;
			sourceTree = "<group>";
		};
		896E4AEA2AAAFD0D00D8A1E9 /* Repositories */ = {
			isa = PBXGroup;
			children = (
				896E4AEB2AAAFD2200D8A1E9 /* DefaultShoppingRepository.swift */,
				895A20CC2AAD7A0000173626 /* DefaultLocalShoppingRepository.swift */,
			);
			path = Repositories;
			sourceTree = "<group>";
		};
		896E4AEE2AAB001900D8A1E9 /* DataMapping */ = {
			isa = PBXGroup;
			children = (
				896E4AF22AAB00F300D8A1E9 /* DTOMapping.swift */,
				896E4AF02AAB00B200D8A1E9 /* NaverSearchResultDTO+Mapping.swift */,
				896E4AF42AAB037600D8A1E9 /* GoodsDTO+Mapping.swift */,
			);
			path = DataMapping;
			sourceTree = "<group>";
		};
		896E4AFF2AAB212800D8A1E9 /* View */ = {
			isa = PBXGroup;
			children = (
				896E4A842AA99C5600D8A1E9 /* SearchViewController.swift */,
				896E4ABB2AA9D8E600D8A1E9 /* SearchCollectionViewCell.swift */,
				895A20AE2AACAD5A00173626 /* SearchFilterView.swift */,
				895A20AC2AACA37700173626 /* SearchFilterCollectionViewCell.swift */,
			);
			path = View;
			sourceTree = "<group>";
		};
		896E4B002AAB212E00D8A1E9 /* ViewModel */ = {
			isa = PBXGroup;
			children = (
				896E4B012AAB213B00D8A1E9 /* SearchViewModel.swift */,
			);
			path = ViewModel;
			sourceTree = "<group>";
		};
		896E4B032AAB259600D8A1E9 /* DIContainer */ = {
			isa = PBXGroup;
			children = (
				896E4B042AAB25AE00D8A1E9 /* AppDIContainer.swift */,
				896E4B062AAB25C500D8A1E9 /* DIContainer.swift */,
			);
			path = DIContainer;
			sourceTree = "<group>";
		};
/* End PBXGroup section */

/* Begin PBXNativeTarget section */
		896E4A7C2AA99C5600D8A1E9 /* SeSACMarket */ = {
			isa = PBXNativeTarget;
			buildConfigurationList = 896E4A912AA99C5A00D8A1E9 /* Build configuration list for PBXNativeTarget "SeSACMarket" */;
			buildPhases = (
				896E4A792AA99C5600D8A1E9 /* Sources */,
				896E4A7A2AA99C5600D8A1E9 /* Frameworks */,
				896E4A7B2AA99C5600D8A1E9 /* Resources */,
				896E4A942AA9ADDA00D8A1E9 /* Run Script */,
			);
			buildRules = (
			);
			dependencies = (
			);
			name = SeSACMarket;
			packageProductDependencies = (
				896E4A992AA9B41200D8A1E9 /* Kingfisher */,
				896E4A9C2AA9B41E00D8A1E9 /* SnapKit */,
				896E4AF92AAB20DD00D8A1E9 /* RxCocoa */,
				896E4AFB2AAB20DD00D8A1E9 /* RxRelay */,
				896E4AFD2AAB20DD00D8A1E9 /* RxSwift */,
				895A20BF2AAD6E5B00173626 /* Realm */,
				895A20C12AAD6E5B00173626 /* RealmSwift */,
			);
			productName = SeSACMarket;
			productReference = 896E4A7D2AA99C5600D8A1E9 /* SeSACMarket.app */;
			productType = "com.apple.product-type.application";
		};
/* End PBXNativeTarget section */

/* Begin PBXProject section */
		896E4A752AA99C5600D8A1E9 /* Project object */ = {
			isa = PBXProject;
			attributes = {
				BuildIndependentTargetsInParallel = 1;
				LastSwiftUpdateCheck = 1430;
				LastUpgradeCheck = 1430;
				TargetAttributes = {
					896E4A7C2AA99C5600D8A1E9 = {
						CreatedOnToolsVersion = 14.3.1;
					};
				};
			};
			buildConfigurationList = 896E4A782AA99C5600D8A1E9 /* Build configuration list for PBXProject "SeSACMarket" */;
			compatibilityVersion = "Xcode 14.0";
			developmentRegion = en;
			hasScannedForEncodings = 0;
			knownRegions = (
				en,
				Base,
			);
			mainGroup = 896E4A742AA99C5600D8A1E9;
			packageReferences = (
				896E4A982AA9B41200D8A1E9 /* XCRemoteSwiftPackageReference "Kingfisher" */,
				896E4A9B2AA9B41E00D8A1E9 /* XCRemoteSwiftPackageReference "SnapKit" */,
				896E4AF82AAB20DC00D8A1E9 /* XCRemoteSwiftPackageReference "RxSwift" */,
				895A20BE2AAD6E5B00173626 /* XCRemoteSwiftPackageReference "realm-swift" */,
			);
			productRefGroup = 896E4A7E2AA99C5600D8A1E9 /* Products */;
			projectDirPath = "";
			projectRoot = "";
			targets = (
				896E4A7C2AA99C5600D8A1E9 /* SeSACMarket */,
			);
		};
/* End PBXProject section */

/* Begin PBXResourcesBuildPhase section */
		896E4A7B2AA99C5600D8A1E9 /* Resources */ = {
			isa = PBXResourcesBuildPhase;
			buildActionMask = 2147483647;
			files = (
				896E4AD02AAADE8C00D8A1E9 /* .gitignore in Resources */,
				896E4A962AA9AE3A00D8A1E9 /* .swiftlint.yml in Resources */,
				896E4A8D2AA99C5A00D8A1E9 /* LaunchScreen.storyboard in Resources */,
				896E4A8A2AA99C5A00D8A1E9 /* Assets.xcassets in Resources */,
			);
			runOnlyForDeploymentPostprocessing = 0;
		};
/* End PBXResourcesBuildPhase section */

/* Begin PBXShellScriptBuildPhase section */
		896E4A942AA9ADDA00D8A1E9 /* Run Script */ = {
			isa = PBXShellScriptBuildPhase;
			alwaysOutOfDate = 1;
			buildActionMask = 2147483647;
			files = (
			);
			inputFileListPaths = (
			);
			inputPaths = (
			);
			name = "Run Script";
			outputFileListPaths = (
			);
			outputPaths = (
			);
			runOnlyForDeploymentPostprocessing = 0;
			shellPath = /bin/sh;
			shellScript = "if test -d \"/opt/homebrew/bin/\"; then\n  PATH=\"/opt/homebrew/bin/:${PATH}\"\nfi\n\nexport PATH\n\nif which swiftlint >/dev/null; then\n  swiftlint\nelse\n  echo \"warning: SwiftLint not installed, download from https://github.com/realm/SwiftLint\"\nfi\n";
		};
/* End PBXShellScriptBuildPhase section */

/* Begin PBXSourcesBuildPhase section */
		896E4A792AA99C5600D8A1E9 /* Sources */ = {
			isa = PBXSourcesBuildPhase;
			buildActionMask = 2147483647;
			files = (
				896E4B052AAB25AE00D8A1E9 /* AppDIContainer.swift in Sources */,
				896E4A852AA99C5600D8A1E9 /* SearchViewController.swift in Sources */,
				895A20D52AADD4CC00173626 /* GoodsDetailViewModel.swift in Sources */,
				896E4AA32AA9B65C00D8A1E9 /* BaseViewController.swift in Sources */,
				895A20B72AAD6AD300173626 /* LocalShoppingRepository.swift in Sources */,
				896E4AC12AA9FA6500D8A1E9 /* URLSession+.swift in Sources */,
				896E4ADF2AAAF73700D8A1E9 /* Goods.swift in Sources */,
				896E4AC32AA9FACA00D8A1E9 /* URLRequest+.swift in Sources */,
				896E4B072AAB25C500D8A1E9 /* DIContainer.swift in Sources */,
				896E4AF12AAB00B200D8A1E9 /* NaverSearchResultDTO+Mapping.swift in Sources */,
				896E4AE82AAAFC6000D8A1E9 /* ShoppingRepository.swift in Sources */,
				896E4AD62AAAE1AD00D8A1E9 /* APIEndPoint.swift in Sources */,
				895A20BD2AAD6DA700173626 /* RealmStorage.swift in Sources */,
				896E4AD42AAAE12500D8A1E9 /* APIKey.swift in Sources */,
				896E4AA52AA9B6DC00D8A1E9 /* ReusableProtocol.swift in Sources */,
				895A20B12AAD62F300173626 /* NumberFormatter+.swift in Sources */,
				896E4A812AA99C5600D8A1E9 /* AppDelegate.swift in Sources */,
				896E4AB72AA9C26900D8A1E9 /* FavoriteViewController.swift in Sources */,
				896E4A832AA99C5600D8A1E9 /* SceneDelegate.swift in Sources */,
				895A20D02AADA5B400173626 /* FavoriteViewModel.swift in Sources */,
				896E4AD82AAAEB9900D8A1E9 /* NetworkManager.swift in Sources */,
				895A20AD2AACA37700173626 /* SearchFilterCollectionViewCell.swift in Sources */,
				896E4AF32AAB00F300D8A1E9 /* DTOMapping.swift in Sources */,
				896E4AE32AAAF95400D8A1E9 /* FetchShoppingUseCase.swift in Sources */,
				896E4ABC2AA9D8E600D8A1E9 /* SearchCollectionViewCell.swift in Sources */,
				895A20CD2AAD7A0000173626 /* DefaultLocalShoppingRepository.swift in Sources */,
				896E4AA92AA9B7F900D8A1E9 /* BaseCollectionViewCell.swift in Sources */,
				895A20BB2AAD6D4A00173626 /* RealmMapping.swift in Sources */,
				895A20D32AADC28E00173626 /* GoodsDetailViewController.swift in Sources */,
				896E4AAB2AA9BA7B00D8A1E9 /* TabBarController.swift in Sources */,
				895A20D72AAE35A900173626 /* UIViewController+.swift in Sources */,
				896E4AF52AAB037600D8A1E9 /* GoodsDTO+Mapping.swift in Sources */,
				896E4AEC2AAAFD2200D8A1E9 /* DefaultShoppingRepository.swift in Sources */,
				895A20C52AAD72B900173626 /* GoodsStorage.swift in Sources */,
				896E4AB02AA9BC8B00D8A1E9 /* Constants.swift in Sources */,
				895A20AF2AACAD5A00173626 /* SearchFilterView.swift in Sources */,
				896E4ADA2AAAEBC200D8A1E9 /* APIHeader.swift in Sources */,
				896E4AF72AAB03DF00D8A1E9 /* NaverSearchResult.swift in Sources */,
				895A20B32AAD69D100173626 /* FavoriteShoppingUseCase.swift in Sources */,
				895A20C82AAD731500173626 /* RealmGoodsStorage.swift in Sources */,
				896E4B022AAB213B00D8A1E9 /* SearchViewModel.swift in Sources */,
				896E4ABA2AA9C97200D8A1E9 /* UIColor+.swift in Sources */,
				896E4AC52AA9FB2000D8A1E9 /* APIError.swift in Sources */,
				895A20CB2AAD73B100173626 /* Goods+Mapping.swift in Sources */,
			);
			runOnlyForDeploymentPostprocessing = 0;
		};
/* End PBXSourcesBuildPhase section */

/* Begin PBXVariantGroup section */
		896E4A8B2AA99C5A00D8A1E9 /* LaunchScreen.storyboard */ = {
			isa = PBXVariantGroup;
			children = (
				896E4A8C2AA99C5A00D8A1E9 /* Base */,
			);
			name = LaunchScreen.storyboard;
			sourceTree = "<group>";
		};
/* End PBXVariantGroup section */

/* Begin XCBuildConfiguration section */
		896E4A8F2AA99C5A00D8A1E9 /* Debug */ = {
			isa = XCBuildConfiguration;
			buildSettings = {
				ALWAYS_SEARCH_USER_PATHS = NO;
				CLANG_ANALYZER_NONNULL = YES;
				CLANG_ANALYZER_NUMBER_OBJECT_CONVERSION = YES_AGGRESSIVE;
				CLANG_CXX_LANGUAGE_STANDARD = "gnu++20";
				CLANG_ENABLE_MODULES = YES;
				CLANG_ENABLE_OBJC_ARC = YES;
				CLANG_ENABLE_OBJC_WEAK = YES;
				CLANG_WARN_BLOCK_CAPTURE_AUTORELEASING = YES;
				CLANG_WARN_BOOL_CONVERSION = YES;
				CLANG_WARN_COMMA = YES;
				CLANG_WARN_CONSTANT_CONVERSION = YES;
				CLANG_WARN_DEPRECATED_OBJC_IMPLEMENTATIONS = YES;
				CLANG_WARN_DIRECT_OBJC_ISA_USAGE = YES_ERROR;
				CLANG_WARN_DOCUMENTATION_COMMENTS = YES;
				CLANG_WARN_EMPTY_BODY = YES;
				CLANG_WARN_ENUM_CONVERSION = YES;
				CLANG_WARN_INFINITE_RECURSION = YES;
				CLANG_WARN_INT_CONVERSION = YES;
				CLANG_WARN_NON_LITERAL_NULL_CONVERSION = YES;
				CLANG_WARN_OBJC_IMPLICIT_RETAIN_SELF = YES;
				CLANG_WARN_OBJC_LITERAL_CONVERSION = YES;
				CLANG_WARN_OBJC_ROOT_CLASS = YES_ERROR;
				CLANG_WARN_QUOTED_INCLUDE_IN_FRAMEWORK_HEADER = YES;
				CLANG_WARN_RANGE_LOOP_ANALYSIS = YES;
				CLANG_WARN_STRICT_PROTOTYPES = YES;
				CLANG_WARN_SUSPICIOUS_MOVE = YES;
				CLANG_WARN_UNGUARDED_AVAILABILITY = YES_AGGRESSIVE;
				CLANG_WARN_UNREACHABLE_CODE = YES;
				CLANG_WARN__DUPLICATE_METHOD_MATCH = YES;
				COPY_PHASE_STRIP = NO;
				DEBUG_INFORMATION_FORMAT = dwarf;
				ENABLE_STRICT_OBJC_MSGSEND = YES;
				ENABLE_TESTABILITY = YES;
				GCC_C_LANGUAGE_STANDARD = gnu11;
				GCC_DYNAMIC_NO_PIC = NO;
				GCC_NO_COMMON_BLOCKS = YES;
				GCC_OPTIMIZATION_LEVEL = 0;
				GCC_PREPROCESSOR_DEFINITIONS = (
					"DEBUG=1",
					"$(inherited)",
				);
				GCC_WARN_64_TO_32_BIT_CONVERSION = YES;
				GCC_WARN_ABOUT_RETURN_TYPE = YES_ERROR;
				GCC_WARN_UNDECLARED_SELECTOR = YES;
				GCC_WARN_UNINITIALIZED_AUTOS = YES_AGGRESSIVE;
				GCC_WARN_UNUSED_FUNCTION = YES;
				GCC_WARN_UNUSED_VARIABLE = YES;
				IPHONEOS_DEPLOYMENT_TARGET = 13.0;
				MTL_ENABLE_DEBUG_INFO = INCLUDE_SOURCE;
				MTL_FAST_MATH = YES;
				ONLY_ACTIVE_ARCH = YES;
				SDKROOT = iphoneos;
				SWIFT_ACTIVE_COMPILATION_CONDITIONS = DEBUG;
				SWIFT_OPTIMIZATION_LEVEL = "-Onone";
			};
			name = Debug;
		};
		896E4A902AA99C5A00D8A1E9 /* Release */ = {
			isa = XCBuildConfiguration;
			buildSettings = {
				ALWAYS_SEARCH_USER_PATHS = NO;
				CLANG_ANALYZER_NONNULL = YES;
				CLANG_ANALYZER_NUMBER_OBJECT_CONVERSION = YES_AGGRESSIVE;
				CLANG_CXX_LANGUAGE_STANDARD = "gnu++20";
				CLANG_ENABLE_MODULES = YES;
				CLANG_ENABLE_OBJC_ARC = YES;
				CLANG_ENABLE_OBJC_WEAK = YES;
				CLANG_WARN_BLOCK_CAPTURE_AUTORELEASING = YES;
				CLANG_WARN_BOOL_CONVERSION = YES;
				CLANG_WARN_COMMA = YES;
				CLANG_WARN_CONSTANT_CONVERSION = YES;
				CLANG_WARN_DEPRECATED_OBJC_IMPLEMENTATIONS = YES;
				CLANG_WARN_DIRECT_OBJC_ISA_USAGE = YES_ERROR;
				CLANG_WARN_DOCUMENTATION_COMMENTS = YES;
				CLANG_WARN_EMPTY_BODY = YES;
				CLANG_WARN_ENUM_CONVERSION = YES;
				CLANG_WARN_INFINITE_RECURSION = YES;
				CLANG_WARN_INT_CONVERSION = YES;
				CLANG_WARN_NON_LITERAL_NULL_CONVERSION = YES;
				CLANG_WARN_OBJC_IMPLICIT_RETAIN_SELF = YES;
				CLANG_WARN_OBJC_LITERAL_CONVERSION = YES;
				CLANG_WARN_OBJC_ROOT_CLASS = YES_ERROR;
				CLANG_WARN_QUOTED_INCLUDE_IN_FRAMEWORK_HEADER = YES;
				CLANG_WARN_RANGE_LOOP_ANALYSIS = YES;
				CLANG_WARN_STRICT_PROTOTYPES = YES;
				CLANG_WARN_SUSPICIOUS_MOVE = YES;
				CLANG_WARN_UNGUARDED_AVAILABILITY = YES_AGGRESSIVE;
				CLANG_WARN_UNREACHABLE_CODE = YES;
				CLANG_WARN__DUPLICATE_METHOD_MATCH = YES;
				COPY_PHASE_STRIP = NO;
				DEBUG_INFORMATION_FORMAT = "dwarf-with-dsym";
				ENABLE_NS_ASSERTIONS = NO;
				ENABLE_STRICT_OBJC_MSGSEND = YES;
				GCC_C_LANGUAGE_STANDARD = gnu11;
				GCC_NO_COMMON_BLOCKS = YES;
				GCC_WARN_64_TO_32_BIT_CONVERSION = YES;
				GCC_WARN_ABOUT_RETURN_TYPE = YES_ERROR;
				GCC_WARN_UNDECLARED_SELECTOR = YES;
				GCC_WARN_UNINITIALIZED_AUTOS = YES_AGGRESSIVE;
				GCC_WARN_UNUSED_FUNCTION = YES;
				GCC_WARN_UNUSED_VARIABLE = YES;
				IPHONEOS_DEPLOYMENT_TARGET = 13.0;
				MTL_ENABLE_DEBUG_INFO = NO;
				MTL_FAST_MATH = YES;
				SDKROOT = iphoneos;
				SWIFT_COMPILATION_MODE = wholemodule;
				SWIFT_OPTIMIZATION_LEVEL = "-O";
				VALIDATE_PRODUCT = YES;
			};
			name = Release;
		};
		896E4A922AA99C5A00D8A1E9 /* Debug */ = {
			isa = XCBuildConfiguration;
			buildSettings = {
				ASSETCATALOG_COMPILER_APPICON_NAME = AppIcon;
				ASSETCATALOG_COMPILER_GLOBAL_ACCENT_COLOR_NAME = AccentColor;
				CODE_SIGN_STYLE = Automatic;
				CURRENT_PROJECT_VERSION = 1;
				DEVELOPMENT_TEAM = 67D46DJNPH;
				GENERATE_INFOPLIST_FILE = YES;
				INFOPLIST_FILE = SeSACMarket/Info.plist;
				INFOPLIST_KEY_UIApplicationSupportsIndirectInputEvents = YES;
				INFOPLIST_KEY_UILaunchStoryboardName = LaunchScreen;
				INFOPLIST_KEY_UISupportedInterfaceOrientations = UIInterfaceOrientationPortrait;
				INFOPLIST_KEY_UISupportedInterfaceOrientations_iPad = "UIInterfaceOrientationLandscapeLeft UIInterfaceOrientationLandscapeRight UIInterfaceOrientationPortrait UIInterfaceOrientationPortraitUpsideDown";
				LD_RUNPATH_SEARCH_PATHS = (
					"$(inherited)",
					"@executable_path/Frameworks",
				);
				MARKETING_VERSION = 1.0;
				PRODUCT_BUNDLE_IDENTIFIER = com.yescoachdev.SeSACMarket;
				PRODUCT_NAME = "$(TARGET_NAME)";
				SUPPORTED_PLATFORMS = "iphoneos iphonesimulator";
				SUPPORTS_MACCATALYST = NO;
				SUPPORTS_MAC_DESIGNED_FOR_IPHONE_IPAD = NO;
				SWIFT_EMIT_LOC_STRINGS = YES;
				SWIFT_VERSION = 5.0;
				TARGETED_DEVICE_FAMILY = 1;
			};
			name = Debug;
		};
		896E4A932AA99C5A00D8A1E9 /* Release */ = {
			isa = XCBuildConfiguration;
			buildSettings = {
				ASSETCATALOG_COMPILER_APPICON_NAME = AppIcon;
				ASSETCATALOG_COMPILER_GLOBAL_ACCENT_COLOR_NAME = AccentColor;
				CODE_SIGN_STYLE = Automatic;
				CURRENT_PROJECT_VERSION = 1;
				DEVELOPMENT_TEAM = 67D46DJNPH;
				GENERATE_INFOPLIST_FILE = YES;
				INFOPLIST_FILE = SeSACMarket/Info.plist;
				INFOPLIST_KEY_UIApplicationSupportsIndirectInputEvents = YES;
				INFOPLIST_KEY_UILaunchStoryboardName = LaunchScreen;
				INFOPLIST_KEY_UISupportedInterfaceOrientations = UIInterfaceOrientationPortrait;
				INFOPLIST_KEY_UISupportedInterfaceOrientations_iPad = "UIInterfaceOrientationLandscapeLeft UIInterfaceOrientationLandscapeRight UIInterfaceOrientationPortrait UIInterfaceOrientationPortraitUpsideDown";
				LD_RUNPATH_SEARCH_PATHS = (
					"$(inherited)",
					"@executable_path/Frameworks",
				);
				MARKETING_VERSION = 1.0;
				PRODUCT_BUNDLE_IDENTIFIER = com.yescoachdev.SeSACMarket;
				PRODUCT_NAME = "$(TARGET_NAME)";
				SUPPORTED_PLATFORMS = "iphoneos iphonesimulator";
				SUPPORTS_MACCATALYST = NO;
				SUPPORTS_MAC_DESIGNED_FOR_IPHONE_IPAD = NO;
				SWIFT_EMIT_LOC_STRINGS = YES;
				SWIFT_VERSION = 5.0;
				TARGETED_DEVICE_FAMILY = 1;
			};
			name = Release;
		};
/* End XCBuildConfiguration section */

/* Begin XCConfigurationList section */
		896E4A782AA99C5600D8A1E9 /* Build configuration list for PBXProject "SeSACMarket" */ = {
			isa = XCConfigurationList;
			buildConfigurations = (
				896E4A8F2AA99C5A00D8A1E9 /* Debug */,
				896E4A902AA99C5A00D8A1E9 /* Release */,
			);
			defaultConfigurationIsVisible = 0;
			defaultConfigurationName = Release;
		};
		896E4A912AA99C5A00D8A1E9 /* Build configuration list for PBXNativeTarget "SeSACMarket" */ = {
			isa = XCConfigurationList;
			buildConfigurations = (
				896E4A922AA99C5A00D8A1E9 /* Debug */,
				896E4A932AA99C5A00D8A1E9 /* Release */,
			);
			defaultConfigurationIsVisible = 0;
			defaultConfigurationName = Release;
		};
/* End XCConfigurationList section */

/* Begin XCRemoteSwiftPackageReference section */
		895A20BE2AAD6E5B00173626 /* XCRemoteSwiftPackageReference "realm-swift" */ = {
			isa = XCRemoteSwiftPackageReference;
			repositoryURL = "https://github.com/realm/realm-swift";
			requirement = {
				kind = upToNextMajorVersion;
				minimumVersion = 10.42.1;
			};
		};
		896E4A982AA9B41200D8A1E9 /* XCRemoteSwiftPackageReference "Kingfisher" */ = {
			isa = XCRemoteSwiftPackageReference;
			repositoryURL = "https://github.com/onevcat/Kingfisher";
			requirement = {
				kind = upToNextMajorVersion;
				minimumVersion = 7.0.0;
			};
		};
		896E4A9B2AA9B41E00D8A1E9 /* XCRemoteSwiftPackageReference "SnapKit" */ = {
			isa = XCRemoteSwiftPackageReference;
			repositoryURL = "https://github.com/SnapKit/SnapKit";
			requirement = {
				kind = upToNextMajorVersion;
				minimumVersion = 5.0.0;
			};
		};
		896E4AF82AAB20DC00D8A1E9 /* XCRemoteSwiftPackageReference "RxSwift" */ = {
			isa = XCRemoteSwiftPackageReference;
			repositoryURL = "https://github.com/ReactiveX/RxSwift";
			requirement = {
				kind = upToNextMajorVersion;
				minimumVersion = 6.0.0;
			};
		};
/* End XCRemoteSwiftPackageReference section */

/* Begin XCSwiftPackageProductDependency section */
		895A20BF2AAD6E5B00173626 /* Realm */ = {
			isa = XCSwiftPackageProductDependency;
			package = 895A20BE2AAD6E5B00173626 /* XCRemoteSwiftPackageReference "realm-swift" */;
			productName = Realm;
		};
		895A20C12AAD6E5B00173626 /* RealmSwift */ = {
			isa = XCSwiftPackageProductDependency;
			package = 895A20BE2AAD6E5B00173626 /* XCRemoteSwiftPackageReference "realm-swift" */;
			productName = RealmSwift;
		};
		896E4A992AA9B41200D8A1E9 /* Kingfisher */ = {
			isa = XCSwiftPackageProductDependency;
			package = 896E4A982AA9B41200D8A1E9 /* XCRemoteSwiftPackageReference "Kingfisher" */;
			productName = Kingfisher;
		};
		896E4A9C2AA9B41E00D8A1E9 /* SnapKit */ = {
			isa = XCSwiftPackageProductDependency;
			package = 896E4A9B2AA9B41E00D8A1E9 /* XCRemoteSwiftPackageReference "SnapKit" */;
			productName = SnapKit;
		};
		896E4AF92AAB20DD00D8A1E9 /* RxCocoa */ = {
			isa = XCSwiftPackageProductDependency;
			package = 896E4AF82AAB20DC00D8A1E9 /* XCRemoteSwiftPackageReference "RxSwift" */;
			productName = RxCocoa;
		};
		896E4AFB2AAB20DD00D8A1E9 /* RxRelay */ = {
			isa = XCSwiftPackageProductDependency;
			package = 896E4AF82AAB20DC00D8A1E9 /* XCRemoteSwiftPackageReference "RxSwift" */;
			productName = RxRelay;
		};
		896E4AFD2AAB20DD00D8A1E9 /* RxSwift */ = {
			isa = XCSwiftPackageProductDependency;
			package = 896E4AF82AAB20DC00D8A1E9 /* XCRemoteSwiftPackageReference "RxSwift" */;
			productName = RxSwift;
		};
/* End XCSwiftPackageProductDependency section */
	};
	rootObject = 896E4A752AA99C5600D8A1E9 /* Project object */;
}
